Microsoft Visual Studio Solution File, Format Version 12.00
# Visual Studio Version 16
VisualStudioVersion = 16.0.30907.101
MinimumVisualStudioVersion = 10.0.40219.1
Project("{9A19103F-16F7-4668-BE54-9A1E7A4F7556}") = "Exeption", "Exeption\Exeption.csproj", "{7784E68E-4E86-48A5-A1FC-044EE9EF1535}"
EndProject
Project("{9A19103F-16F7-4668-BE54-9A1E7A4F7556}") = "Indexs", "Indexs\Indexs.csproj", "{9E2FAA21-37D6-4FC7-8AE8-0AC9B3A8DCEF}"
EndProject
Project("{9A19103F-16F7-4668-BE54-9A1E7A4F7556}") = "Indexs2", "Indexs2\Indexs2.csproj", "{C763C2F9-97B6-4E22-AF86-9B08E068F781}"
EndProject
Project("{9A19103F-16F7-4668-BE54-9A1E7A4F7556}") = "BaseCLass", "BaseCLass\BaseCLass.csproj", "{9280CECD-4477-4673-A795-60BF584A8427}"
EndProject
Project("{9A19103F-16F7-4668-BE54-9A1E7A4F7556}") = "ListQuestion", "ListQuestion\ListQuestion.csproj", "{B9E06B87-5643-4CC9-965E-1505669FDF0E}"
EndProject
Project("{9A19103F-16F7-4668-BE54-9A1E7A4F7556}") = "NumbInterface", "NumbInterface\NumbInterface.csproj", "{8B7F51BB-3F91-4DC1-9EC8-99510726860C}"
EndProject
Project("{9A19103F-16F7-4668-BE54-9A1E7A4F7556}") = "NumbGeneric", "NumbGeneric\NumbGeneric.csproj", "{5EC389EF-9DE4-4A91-969D-DB73DCB2497A}"
EndProject
Project("{9A19103F-16F7-4668-BE54-9A1E7A4F7556}") = "Delegate", "Delegate\Delegate.csproj", "{967FFC93-DEF7-4BDB-BE60-3E137AE590ED}"
EndProject
Project("{9A19103F-16F7-4668-BE54-9A1E7A4F7556}") = "DelegateAnonim", "DelegateAnonim\DelegateAnonim.csproj", "{3E3D9FA1-444A-4954-B24A-CC47DBAE0227}"
EndProject
Project("{9A19103F-16F7-4668-BE54-9A1E7A4F7556}") = "ListExcel", "ListExcel\ListExcel.csproj", "{5A700E22-B13E-4117-AD4E-9AAA3F750761}"
EndProject
Project("{FAE04EC0-301F-11D3-BF4B-00C04F79EFBC}") = "Collections", "Collections\Collections.csproj", "{D0264335-161F-4F15-849B-A4D4C4C3DFE9}"
EndProject
Global
	GlobalSection(SolutionConfigurationPlatforms) = preSolution
		Debug|Any CPU = Debug|Any CPU
		Release|Any CPU = Release|Any CPU
	EndGlobalSection
	GlobalSection(ProjectConfigurationPlatforms) = postSolution
		{7784E68E-4E86-48A5-A1FC-044EE9EF1535}.Debug|Any CPU.ActiveCfg = Debug|Any CPU
		{7784E68E-4E86-48A5-A1FC-044EE9EF1535}.Debug|Any CPU.Build.0 = Debug|Any CPU
		{7784E68E-4E86-48A5-A1FC-044EE9EF1535}.Release|Any CPU.ActiveCfg = Release|Any CPU
		{7784E68E-4E86-48A5-A1FC-044EE9EF1535}.Release|Any CPU.Build.0 = Release|Any CPU
		{9E2FAA21-37D6-4FC7-8AE8-0AC9B3A8DCEF}.Debug|Any CPU.ActiveCfg = Debug|Any CPU
		{9E2FAA21-37D6-4FC7-8AE8-0AC9B3A8DCEF}.Debug|Any CPU.Build.0 = Debug|Any CPU
		{9E2FAA21-37D6-4FC7-8AE8-0AC9B3A8DCEF}.Release|Any CPU.ActiveCfg = Release|Any CPU
		{9E2FAA21-37D6-4FC7-8AE8-0AC9B3A8DCEF}.Release|Any CPU.Build.0 = Release|Any CPU
		{C763C2F9-97B6-4E22-AF86-9B08E068F781}.Debug|Any CPU.ActiveCfg = Debug|Any CPU
		{C763C2F9-97B6-4E22-AF86-9B08E068F781}.Debug|Any CPU.Build.0 = Debug|Any CPU
		{C763C2F9-97B6-4E22-AF86-9B08E068F781}.Release|Any CPU.ActiveCfg = Release|Any CPU
		{C763C2F9-97B6-4E22-AF86-9B08E068F781}.Release|Any CPU.Build.0 = Release|Any CPU
		{9280CECD-4477-4673-A795-60BF584A8427}.Debug|Any CPU.ActiveCfg = Debug|Any CPU
		{9280CECD-4477-4673-A795-60BF584A8427}.Debug|Any CPU.Build.0 = Debug|Any CPU
		{9280CECD-4477-4673-A795-60BF584A8427}.Release|Any CPU.ActiveCfg = Release|Any CPU
		{9280CECD-4477-4673-A795-60BF584A8427}.Release|Any CPU.Build.0 = Release|Any CPU
		{B9E06B87-5643-4CC9-965E-1505669FDF0E}.Debug|Any CPU.ActiveCfg = Debug|Any CPU
		{B9E06B87-5643-4CC9-965E-1505669FDF0E}.Debug|Any CPU.Build.0 = Debug|Any CPU
		{B9E06B87-5643-4CC9-965E-1505669FDF0E}.Release|Any CPU.ActiveCfg = Release|Any CPU
		{B9E06B87-5643-4CC9-965E-1505669FDF0E}.Release|Any CPU.Build.0 = Release|Any CPU
		{8B7F51BB-3F91-4DC1-9EC8-99510726860C}.Debug|Any CPU.ActiveCfg = Debug|Any CPU
		{8B7F51BB-3F91-4DC1-9EC8-99510726860C}.Debug|Any CPU.Build.0 = Debug|Any CPU
		{8B7F51BB-3F91-4DC1-9EC8-99510726860C}.Release|Any CPU.ActiveCfg = Release|Any CPU
		{8B7F51BB-3F91-4DC1-9EC8-99510726860C}.Release|Any CPU.Build.0 = Release|Any CPU
		{5EC389EF-9DE4-4A91-969D-DB73DCB2497A}.Debug|Any CPU.ActiveCfg = Debug|Any CPU
		{5EC389EF-9DE4-4A91-969D-DB73DCB2497A}.Debug|Any CPU.Build.0 = Debug|Any CPU
		{5EC389EF-9DE4-4A91-969D-DB73DCB2497A}.Release|Any CPU.ActiveCfg = Release|Any CPU
		{5EC389EF-9DE4-4A91-969D-DB73DCB2497A}.Release|Any CPU.Build.0 = Release|Any CPU
		{967FFC93-DEF7-4BDB-BE60-3E137AE590ED}.Debug|Any CPU.ActiveCfg = Debug|Any CPU
		{967FFC93-DEF7-4BDB-BE60-3E137AE590ED}.Debug|Any CPU.Build.0 = Debug|Any CPU
		{967FFC93-DEF7-4BDB-BE60-3E137AE590ED}.Release|Any CPU.ActiveCfg = Release|Any CPU
		{967FFC93-DEF7-4BDB-BE60-3E137AE590ED}.Release|Any CPU.Build.0 = Release|Any CPU
		{3E3D9FA1-444A-4954-B24A-CC47DBAE0227}.Debug|Any CPU.ActiveCfg = Debug|Any CPU
		{3E3D9FA1-444A-4954-B24A-CC47DBAE0227}.Debug|Any CPU.Build.0 = Debug|Any CPU
		{3E3D9FA1-444A-4954-B24A-CC47DBAE0227}.Release|Any CPU.ActiveCfg = Release|Any CPU
		{3E3D9FA1-444A-4954-B24A-CC47DBAE0227}.Release|Any CPU.Build.0 = Release|Any CPU
		{5A700E22-B13E-4117-AD4E-9AAA3F750761}.Debug|Any CPU.ActiveCfg = Debug|Any CPU
		{5A700E22-B13E-4117-AD4E-9AAA3F750761}.Debug|Any CPU.Build.0 = Debug|Any CPU
		{5A700E22-B13E-4117-AD4E-9AAA3F750761}.Release|Any CPU.ActiveCfg = Release|Any CPU
		{5A700E22-B13E-4117-AD4E-9AAA3F750761}.Release|Any CPU.Build.0 = Release|Any CPU
		{D0264335-161F-4F15-849B-A4D4C4C3DFE9}.Debug|Any CPU.ActiveCfg = Debug|Any CPU
		{D0264335-161F-4F15-849B-A4D4C4C3DFE9}.Debug|Any CPU.Build.0 = Debug|Any CPU
		{D0264335-161F-4F15-849B-A4D4C4C3DFE9}.Release|Any CPU.ActiveCfg = Release|Any CPU
		{D0264335-161F-4F15-849B-A4D4C4C3DFE9}.Release|Any CPU.Build.0 = Release|Any CPU
	EndGlobalSection
	GlobalSection(SolutionProperties) = preSolution
		HideSolutionNode = FALSE
	EndGlobalSection
	GlobalSection(ExtensibilityGlobals) = postSolution
		SolutionGuid = {8437BE62-3F52-4F6E-BFFD-B1CB959D85E2}
	EndGlobalSection
EndGlobal
